// !$*UTF8*$!
{
	archiveVersion = 1;
	classes = {
	};
	objectVersion = 50;
	objects = {

/* Begin PBXBuildFile section */
		7B2D36C1209EB17B004A51FE /* Azedo-Bold.otf in Resources */ = {isa = PBXBuildFile; fileRef = 7B2D36C0209EB148004A51FE /* Azedo-Bold.otf */; };
		7B2D36C3209F2B1E004A51FE /* NewItemViewController.swift in Sources */ = {isa = PBXBuildFile; fileRef = 7B2D36C2209F2B1E004A51FE /* NewItemViewController.swift */; };
		7B89BAC4209C0C73001B8A59 /* FreeventTableViewController.swift in Sources */ = {isa = PBXBuildFile; fileRef = 7B89BAC3209C0C73001B8A59 /* FreeventTableViewController.swift */; };
		7B89BAC6209C1368001B8A59 /* FreeventTableViewCell.swift in Sources */ = {isa = PBXBuildFile; fileRef = 7B89BAC5209C1368001B8A59 /* FreeventTableViewCell.swift */; };
		7B89BAC8209C13C2001B8A59 /* CategoryTableViewCell.swift in Sources */ = {isa = PBXBuildFile; fileRef = 7B89BAC7209C13C2001B8A59 /* CategoryTableViewCell.swift */; };
		7B89BACA209C1CC6001B8A59 /* CategoryTableViewController.swift in Sources */ = {isa = PBXBuildFile; fileRef = 7B89BAC9209C1CC6001B8A59 /* CategoryTableViewController.swift */; };
		7B89BAD0209C22BA001B8A59 /* Category.swift in Sources */ = {isa = PBXBuildFile; fileRef = 7B89BACF209C22BA001B8A59 /* Category.swift */; };
		7B8B41232094228D001A2342 /* Freevent.swift in Sources */ = {isa = PBXBuildFile; fileRef = 7B8B41222094228D001A2342 /* Freevent.swift */; };
		7B93539720A162B000071264 /* ChooseCategoryTableViewController.swift in Sources */ = {isa = PBXBuildFile; fileRef = 7B93539620A162B000071264 /* ChooseCategoryTableViewController.swift */; };
		7BAA542320885016005DDEC0 /* AppDelegate.swift in Sources */ = {isa = PBXBuildFile; fileRef = 7BAA542220885016005DDEC0 /* AppDelegate.swift */; };
		7BAA542820885016005DDEC0 /* Main.storyboard in Resources */ = {isa = PBXBuildFile; fileRef = 7BAA542620885016005DDEC0 /* Main.storyboard */; };
		7BAA542A20885017005DDEC0 /* Assets.xcassets in Resources */ = {isa = PBXBuildFile; fileRef = 7BAA542920885017005DDEC0 /* Assets.xcassets */; };
		7BAA542D20885017005DDEC0 /* LaunchScreen.storyboard in Resources */ = {isa = PBXBuildFile; fileRef = 7BAA542B20885017005DDEC0 /* LaunchScreen.storyboard */; };
		7BAA543820885017005DDEC0 /* FreedomTests.swift in Sources */ = {isa = PBXBuildFile; fileRef = 7BAA543720885017005DDEC0 /* FreedomTests.swift */; };
		7BAA544320885017005DDEC0 /* FreedomUITests.swift in Sources */ = {isa = PBXBuildFile; fileRef = 7BAA544220885017005DDEC0 /* FreedomUITests.swift */; };
		7BCAEB2120A689E500AE136F /* DatePickerViewController.swift in Sources */ = {isa = PBXBuildFile; fileRef = 7BCAEB2020A689E500AE136F /* DatePickerViewController.swift */; };
		7BDDA92020A024A400B19665 /* NewFreeventTableViewController.swift in Sources */ = {isa = PBXBuildFile; fileRef = 7BDDA91F20A024A400B19665 /* NewFreeventTableViewController.swift */; };
		7BDDA92220A024CC00B19665 /* NewCategoryTableViewController.swift in Sources */ = {isa = PBXBuildFile; fileRef = 7BDDA92120A024CC00B19665 /* NewCategoryTableViewController.swift */; };
/* End PBXBuildFile section */

/* Begin PBXContainerItemProxy section */
		7BAA543420885017005DDEC0 /* PBXContainerItemProxy */ = {
			isa = PBXContainerItemProxy;
			containerPortal = 7BAA541720885016005DDEC0 /* Project object */;
			proxyType = 1;
			remoteGlobalIDString = 7BAA541E20885016005DDEC0;
			remoteInfo = Freedom;
		};
		7BAA543F20885017005DDEC0 /* PBXContainerItemProxy */ = {
			isa = PBXContainerItemProxy;
			containerPortal = 7BAA541720885016005DDEC0 /* Project object */;
			proxyType = 1;
			remoteGlobalIDString = 7BAA541E20885016005DDEC0;
			remoteInfo = Freedom;
		};
/* End PBXContainerItemProxy section */

/* Begin PBXFileReference section */
		7B2D36C0209EB148004A51FE /* Azedo-Bold.otf */ = {isa = PBXFileReference; lastKnownFileType = file; name = "Azedo-Bold.otf"; path = "../Freedom.xcodeproj/Azedo-Bold.otf"; sourceTree = "<group>"; };
		7B2D36C2209F2B1E004A51FE /* NewItemViewController.swift */ = {isa = PBXFileReference; lastKnownFileType = sourcecode.swift; name = NewItemViewController.swift; path = "/Users/user137759/Desktop/Xcode apps/Freedom/Freedom/Freedom/NewItemViewController.swift"; sourceTree = "<absolute>"; };
		7B89BAC3209C0C73001B8A59 /* FreeventTableViewController.swift */ = {isa = PBXFileReference; lastKnownFileType = sourcecode.swift; path = FreeventTableViewController.swift; sourceTree = "<group>"; };
		7B89BAC5209C1368001B8A59 /* FreeventTableViewCell.swift */ = {isa = PBXFileReference; lastKnownFileType = sourcecode.swift; path = FreeventTableViewCell.swift; sourceTree = "<group>"; };
		7B89BAC7209C13C2001B8A59 /* CategoryTableViewCell.swift */ = {isa = PBXFileReference; lastKnownFileType = sourcecode.swift; path = CategoryTableViewCell.swift; sourceTree = "<group>"; };
		7B89BAC9209C1CC6001B8A59 /* CategoryTableViewController.swift */ = {isa = PBXFileReference; lastKnownFileType = sourcecode.swift; path = CategoryTableViewController.swift; sourceTree = "<group>"; };
		7B89BACF209C22BA001B8A59 /* Category.swift */ = {isa = PBXFileReference; lastKnownFileType = sourcecode.swift; name = Category.swift; path = ../Category.swift; sourceTree = "<group>"; };
		7B8B41222094228D001A2342 /* Freevent.swift */ = {isa = PBXFileReference; fileEncoding = 4; lastKnownFileType = sourcecode.swift; path = Freevent.swift; sourceTree = "<group>"; };
		7B93539620A162B000071264 /* ChooseCategoryTableViewController.swift */ = {isa = PBXFileReference; lastKnownFileType = sourcecode.swift; path = ChooseCategoryTableViewController.swift; sourceTree = "<group>"; };
		7BAA541F20885016005DDEC0 /* Freedom.app */ = {isa = PBXFileReference; explicitFileType = wrapper.application; includeInIndex = 0; path = Freedom.app; sourceTree = BUILT_PRODUCTS_DIR; };
		7BAA542220885016005DDEC0 /* AppDelegate.swift */ = {isa = PBXFileReference; lastKnownFileType = sourcecode.swift; path = AppDelegate.swift; sourceTree = "<group>"; };
		7BAA542720885016005DDEC0 /* Base */ = {isa = PBXFileReference; lastKnownFileType = file.storyboard; name = Base; path = Base.lproj/Main.storyboard; sourceTree = "<group>"; };
		7BAA542920885017005DDEC0 /* Assets.xcassets */ = {isa = PBXFileReference; lastKnownFileType = folder.assetcatalog; path = Assets.xcassets; sourceTree = "<group>"; };
		7BAA542C20885017005DDEC0 /* Base */ = {isa = PBXFileReference; lastKnownFileType = file.storyboard; name = Base; path = Base.lproj/LaunchScreen.storyboard; sourceTree = "<group>"; };
		7BAA542E20885017005DDEC0 /* Info.plist */ = {isa = PBXFileReference; lastKnownFileType = text.plist.xml; path = Info.plist; sourceTree = "<group>"; };
		7BAA543320885017005DDEC0 /* FreedomTests.xctest */ = {isa = PBXFileReference; explicitFileType = wrapper.cfbundle; includeInIndex = 0; path = FreedomTests.xctest; sourceTree = BUILT_PRODUCTS_DIR; };
		7BAA543720885017005DDEC0 /* FreedomTests.swift */ = {isa = PBXFileReference; lastKnownFileType = sourcecode.swift; path = FreedomTests.swift; sourceTree = "<group>"; };
		7BAA543920885017005DDEC0 /* Info.plist */ = {isa = PBXFileReference; lastKnownFileType = text.plist.xml; path = Info.plist; sourceTree = "<group>"; };
		7BAA543E20885017005DDEC0 /* FreedomUITests.xctest */ = {isa = PBXFileReference; explicitFileType = wrapper.cfbundle; includeInIndex = 0; path = FreedomUITests.xctest; sourceTree = BUILT_PRODUCTS_DIR; };
		7BAA544220885017005DDEC0 /* FreedomUITests.swift */ = {isa = PBXFileReference; lastKnownFileType = sourcecode.swift; path = FreedomUITests.swift; sourceTree = "<group>"; };
		7BAA544420885017005DDEC0 /* Info.plist */ = {isa = PBXFileReference; lastKnownFileType = text.plist.xml; path = Info.plist; sourceTree = "<group>"; };
		7BCAEB2020A689E500AE136F /* DatePickerViewController.swift */ = {isa = PBXFileReference; lastKnownFileType = sourcecode.swift; path = DatePickerViewController.swift; sourceTree = "<group>"; };
		7BDDA91F20A024A400B19665 /* NewFreeventTableViewController.swift */ = {isa = PBXFileReference; lastKnownFileType = sourcecode.swift; path = NewFreeventTableViewController.swift; sourceTree = "<group>"; };
		7BDDA92120A024CC00B19665 /* NewCategoryTableViewController.swift */ = {isa = PBXFileReference; lastKnownFileType = sourcecode.swift; path = NewCategoryTableViewController.swift; sourceTree = "<group>"; };
/* End PBXFileReference section */

/* Begin PBXFrameworksBuildPhase section */
		7BAA541C20885016005DDEC0 /* Frameworks */ = {
			isa = PBXFrameworksBuildPhase;
			buildActionMask = 2147483647;
			files = (
			);
			runOnlyForDeploymentPostprocessing = 0;
		};
		7BAA543020885017005DDEC0 /* Frameworks */ = {
			isa = PBXFrameworksBuildPhase;
			buildActionMask = 2147483647;
			files = (
			);
			runOnlyForDeploymentPostprocessing = 0;
		};
		7BAA543B20885017005DDEC0 /* Frameworks */ = {
			isa = PBXFrameworksBuildPhase;
			buildActionMask = 2147483647;
			files = (
			);
			runOnlyForDeploymentPostprocessing = 0;
		};
/* End PBXFrameworksBuildPhase section */

/* Begin PBXGroup section */
		7BAA541620885016005DDEC0 = {
			isa = PBXGroup;
			children = (
				7BAA542120885016005DDEC0 /* Freedom */,
				7BAA543620885017005DDEC0 /* FreedomTests */,
				7BAA544120885017005DDEC0 /* FreedomUITests */,
				7BAA542020885016005DDEC0 /* Products */,
			);
			sourceTree = "<group>";
		};
		7BAA542020885016005DDEC0 /* Products */ = {
			isa = PBXGroup;
			children = (
				7BAA541F20885016005DDEC0 /* Freedom.app */,
				7BAA543320885017005DDEC0 /* FreedomTests.xctest */,
				7BAA543E20885017005DDEC0 /* FreedomUITests.xctest */,
			);
			name = Products;
			sourceTree = "<group>";
		};
		7BAA542120885016005DDEC0 /* Freedom */ = {
			isa = PBXGroup;
			children = (
				7B2D36C0209EB148004A51FE /* Azedo-Bold.otf */,
				7BAA542220885016005DDEC0 /* AppDelegate.swift */,
				7B8B41222094228D001A2342 /* Freevent.swift */,
				7B89BAC3209C0C73001B8A59 /* FreeventTableViewController.swift */,
				7B89BAC5209C1368001B8A59 /* FreeventTableViewCell.swift */,
				7B89BACF209C22BA001B8A59 /* Category.swift */,
				7B89BAC9209C1CC6001B8A59 /* CategoryTableViewController.swift */,
				7B89BAC7209C13C2001B8A59 /* CategoryTableViewCell.swift */,
				7B2D36C2209F2B1E004A51FE /* NewItemViewController.swift */,
				7BDDA91F20A024A400B19665 /* NewFreeventTableViewController.swift */,
				7BDDA92120A024CC00B19665 /* NewCategoryTableViewController.swift */,
				7BAA542620885016005DDEC0 /* Main.storyboard */,
				7BCAEB2020A689E500AE136F /* DatePickerViewController.swift */,
				7B93539620A162B000071264 /* ChooseCategoryTableViewController.swift */,
				7BAA542920885017005DDEC0 /* Assets.xcassets */,
				7BAA542B20885017005DDEC0 /* LaunchScreen.storyboard */,
				7BAA542E20885017005DDEC0 /* Info.plist */,
			);
			path = Freedom;
			sourceTree = "<group>";
		};
		7BAA543620885017005DDEC0 /* FreedomTests */ = {
			isa = PBXGroup;
			children = (
				7BAA543720885017005DDEC0 /* FreedomTests.swift */,
				7BAA543920885017005DDEC0 /* Info.plist */,
			);
			path = FreedomTests;
			sourceTree = "<group>";
		};
		7BAA544120885017005DDEC0 /* FreedomUITests */ = {
			isa = PBXGroup;
			children = (
				7BAA544220885017005DDEC0 /* FreedomUITests.swift */,
				7BAA544420885017005DDEC0 /* Info.plist */,
			);
			path = FreedomUITests;
			sourceTree = "<group>";
		};
/* End PBXGroup section */

/* Begin PBXNativeTarget section */
		7BAA541E20885016005DDEC0 /* Freedom */ = {
			isa = PBXNativeTarget;
			buildConfigurationList = 7BAA544720885017005DDEC0 /* Build configuration list for PBXNativeTarget "Freedom" */;
			buildPhases = (
				7BAA541B20885016005DDEC0 /* Sources */,
				7BAA541C20885016005DDEC0 /* Frameworks */,
				7BAA541D20885016005DDEC0 /* Resources */,
			);
			buildRules = (
			);
			dependencies = (
			);
			name = Freedom;
			productName = Freedom;
			productReference = 7BAA541F20885016005DDEC0 /* Freedom.app */;
			productType = "com.apple.product-type.application";
		};
		7BAA543220885017005DDEC0 /* FreedomTests */ = {
			isa = PBXNativeTarget;
			buildConfigurationList = 7BAA544A20885017005DDEC0 /* Build configuration list for PBXNativeTarget "FreedomTests" */;
			buildPhases = (
				7BAA542F20885017005DDEC0 /* Sources */,
				7BAA543020885017005DDEC0 /* Frameworks */,
				7BAA543120885017005DDEC0 /* Resources */,
			);
			buildRules = (
			);
			dependencies = (
				7BAA543520885017005DDEC0 /* PBXTargetDependency */,
			);
			name = FreedomTests;
			productName = FreedomTests;
			productReference = 7BAA543320885017005DDEC0 /* FreedomTests.xctest */;
			productType = "com.apple.product-type.bundle.unit-test";
		};
		7BAA543D20885017005DDEC0 /* FreedomUITests */ = {
			isa = PBXNativeTarget;
			buildConfigurationList = 7BAA544D20885017005DDEC0 /* Build configuration list for PBXNativeTarget "FreedomUITests" */;
			buildPhases = (
				7BAA543A20885017005DDEC0 /* Sources */,
				7BAA543B20885017005DDEC0 /* Frameworks */,
				7BAA543C20885017005DDEC0 /* Resources */,
			);
			buildRules = (
			);
			dependencies = (
				7BAA544020885017005DDEC0 /* PBXTargetDependency */,
			);
			name = FreedomUITests;
			productName = FreedomUITests;
			productReference = 7BAA543E20885017005DDEC0 /* FreedomUITests.xctest */;
			productType = "com.apple.product-type.bundle.ui-testing";
		};
/* End PBXNativeTarget section */

/* Begin PBXProject section */
		7BAA541720885016005DDEC0 /* Project object */ = {
			isa = PBXProject;
			attributes = {
				LastSwiftUpdateCheck = 0930;
				LastUpgradeCheck = 0930;
				ORGANIZATIONNAME = user137759;
				TargetAttributes = {
					7BAA541E20885016005DDEC0 = {
						CreatedOnToolsVersion = 9.3;
					};
					7BAA543220885017005DDEC0 = {
						CreatedOnToolsVersion = 9.3;
						TestTargetID = 7BAA541E20885016005DDEC0;
					};
					7BAA543D20885017005DDEC0 = {
						CreatedOnToolsVersion = 9.3;
						TestTargetID = 7BAA541E20885016005DDEC0;
					};
				};
			};
			buildConfigurationList = 7BAA541A20885016005DDEC0 /* Build configuration list for PBXProject "Freedom" */;
			compatibilityVersion = "Xcode 9.3";
			developmentRegion = en;
			hasScannedForEncodings = 0;
			knownRegions = (
				en,
				Base,
			);
			mainGroup = 7BAA541620885016005DDEC0;
			productRefGroup = 7BAA542020885016005DDEC0 /* Products */;
			projectDirPath = "";
			projectRoot = "";
			targets = (
				7BAA541E20885016005DDEC0 /* Freedom */,
				7BAA543220885017005DDEC0 /* FreedomTests */,
				7BAA543D20885017005DDEC0 /* FreedomUITests */,
			);
		};
/* End PBXProject section */

/* Begin PBXResourcesBuildPhase section */
		7BAA541D20885016005DDEC0 /* Resources */ = {
			isa = PBXResourcesBuildPhase;
			buildActionMask = 2147483647;
			files = (
				7BAA542D20885017005DDEC0 /* LaunchScreen.storyboard in Resources */,
				7BAA542A20885017005DDEC0 /* Assets.xcassets in Resources */,
				7B2D36C1209EB17B004A51FE /* Azedo-Bold.otf in Resources */,
				7BAA542820885016005DDEC0 /* Main.storyboard in Resources */,
			);
			runOnlyForDeploymentPostprocessing = 0;
		};
		7BAA543120885017005DDEC0 /* Resources */ = {
			isa = PBXResourcesBuildPhase;
			buildActionMask = 2147483647;
			files = (
			);
			runOnlyForDeploymentPostprocessing = 0;
		};
		7BAA543C20885017005DDEC0 /* Resources */ = {
			isa = PBXResourcesBuildPhase;
			buildActionMask = 2147483647;
			files = (
			);
			runOnlyForDeploymentPostprocessing = 0;
		};
/* End PBXResourcesBuildPhase section */

/* Begin PBXSourcesBuildPhase section */
		7BAA541B20885016005DDEC0 /* Sources */ = {
			isa = PBXSourcesBuildPhase;
			buildActionMask = 2147483647;
			files = (
				7B93539720A162B000071264 /* ChooseCategoryTableViewController.swift in Sources */,
				7BAA542320885016005DDEC0 /* AppDelegate.swift in Sources */,
				7BCAEB2120A689E500AE136F /* DatePickerViewController.swift in Sources */,
				7B2D36C3209F2B1E004A51FE /* NewItemViewController.swift in Sources */,
				7BDDA92020A024A400B19665 /* NewFreeventTableViewController.swift in Sources */,
				7B8B41232094228D001A2342 /* Freevent.swift in Sources */,
				7B89BAC6209C1368001B8A59 /* FreeventTableViewCell.swift in Sources */,
				7B89BAC4209C0C73001B8A59 /* FreeventTableViewController.swift in Sources */,
				7B89BAC8209C13C2001B8A59 /* CategoryTableViewCell.swift in Sources */,
				7B89BACA209C1CC6001B8A59 /* CategoryTableViewController.swift in Sources */,
				7BDDA92220A024CC00B19665 /* NewCategoryTableViewController.swift in Sources */,
				7B89BAD0209C22BA001B8A59 /* Category.swift in Sources */,
			);
			runOnlyForDeploymentPostprocessing = 0;
		};
		7BAA542F20885017005DDEC0 /* Sources */ = {
			isa = PBXSourcesBuildPhase;
			buildActionMask = 2147483647;
			files = (
				7BAA543820885017005DDEC0 /* FreedomTests.swift in Sources */,
			);
			runOnlyForDeploymentPostprocessing = 0;
		};
		7BAA543A20885017005DDEC0 /* Sources */ = {
			isa = PBXSourcesBuildPhase;
			buildActionMask = 2147483647;
			files = (
				7BAA544320885017005DDEC0 /* FreedomUITests.swift in Sources */,
			);
			runOnlyForDeploymentPostprocessing = 0;
		};
/* End PBXSourcesBuildPhase section */

/* Begin PBXTargetDependency section */
		7BAA543520885017005DDEC0 /* PBXTargetDependency */ = {
			isa = PBXTargetDependency;
			target = 7BAA541E20885016005DDEC0 /* Freedom */;
			targetProxy = 7BAA543420885017005DDEC0 /* PBXContainerItemProxy */;
		};
		7BAA544020885017005DDEC0 /* PBXTargetDependency */ = {
			isa = PBXTargetDependency;
			target = 7BAA541E20885016005DDEC0 /* Freedom */;
			targetProxy = 7BAA543F20885017005DDEC0 /* PBXContainerItemProxy */;
		};
/* End PBXTargetDependency section */

/* Begin PBXVariantGroup section */
		7BAA542620885016005DDEC0 /* Main.storyboard */ = {
			isa = PBXVariantGroup;
			children = (
				7BAA542720885016005DDEC0 /* Base */,
			);
			name = Main.storyboard;
			sourceTree = "<group>";
		};
		7BAA542B20885017005DDEC0 /* LaunchScreen.storyboard */ = {
			isa = PBXVariantGroup;
			children = (
				7BAA542C20885017005DDEC0 /* Base */,
			);
			name = LaunchScreen.storyboard;
			sourceTree = "<group>";
		};
/* End PBXVariantGroup section */

/* Begin XCBuildConfiguration section */
		7BAA544520885017005DDEC0 /* Debug */ = {
			isa = XCBuildConfiguration;
			buildSettings = {
				ALWAYS_SEARCH_USER_PATHS = NO;
				CLANG_ANALYZER_NONNULL = YES;
				CLANG_ANALYZER_NUMBER_OBJECT_CONVERSION = YES_AGGRESSIVE;
				CLANG_CXX_LANGUAGE_STANDARD = "gnu++14";
				CLANG_CXX_LIBRARY = "libc++";
				CLANG_ENABLE_MODULES = YES;
				CLANG_ENABLE_OBJC_ARC = YES;
				CLANG_ENABLE_OBJC_WEAK = YES;
				CLANG_WARN_BLOCK_CAPTURE_AUTORELEASING = YES;
				CLANG_WARN_BOOL_CONVERSION = YES;
				CLANG_WARN_COMMA = YES;
				CLANG_WARN_CONSTANT_CONVERSION = YES;
				CLANG_WARN_DEPRECATED_OBJC_IMPLEMENTATIONS = YES;
				CLANG_WARN_DIRECT_OBJC_ISA_USAGE = YES_ERROR;
				CLANG_WARN_DOCUMENTATION_COMMENTS = YES;
				CLANG_WARN_EMPTY_BODY = YES;
				CLANG_WARN_ENUM_CONVERSION = YES;
				CLANG_WARN_INFINITE_RECURSION = YES;
				CLANG_WARN_INT_CONVERSION = YES;
				CLANG_WARN_NON_LITERAL_NULL_CONVERSION = YES;
				CLANG_WARN_OBJC_IMPLICIT_RETAIN_SELF = YES;
				CLANG_WARN_OBJC_LITERAL_CONVERSION = YES;
				CLANG_WARN_OBJC_ROOT_CLASS = YES_ERROR;
				CLANG_WARN_RANGE_LOOP_ANALYSIS = YES;
				CLANG_WARN_STRICT_PROTOTYPES = YES;
				CLANG_WARN_SUSPICIOUS_MOVE = YES;
				CLANG_WARN_UNGUARDED_AVAILABILITY = YES_AGGRESSIVE;
				CLANG_WARN_UNREACHABLE_CODE = YES;
				CLANG_WARN__DUPLICATE_METHOD_MATCH = YES;
				CODE_SIGN_IDENTITY = "iPhone Developer";
				COPY_PHASE_STRIP = NO;
				DEBUG_INFORMATION_FORMAT = dwarf;
				ENABLE_STRICT_OBJC_MSGSEND = YES;
				ENABLE_TESTABILITY = YES;
				GCC_C_LANGUAGE_STANDARD = gnu11;
				GCC_DYNAMIC_NO_PIC = NO;
				GCC_NO_COMMON_BLOCKS = YES;
				GCC_OPTIMIZATION_LEVEL = 0;
				GCC_PREPROCESSOR_DEFINITIONS = (
					"DEBUG=1",
					"$(inherited)",
				);
				GCC_WARN_64_TO_32_BIT_CONVERSION = YES;
				GCC_WARN_ABOUT_RETURN_TYPE = YES_ERROR;
				GCC_WARN_UNDECLARED_SELECTOR = YES;
				GCC_WARN_UNINITIALIZED_AUTOS = YES_AGGRESSIVE;
				GCC_WARN_UNUSED_FUNCTION = YES;
				GCC_WARN_UNUSED_VARIABLE = YES;
				IPHONEOS_DEPLOYMENT_TARGET = 11.3;
				MTL_ENABLE_DEBUG_INFO = YES;
				ONLY_ACTIVE_ARCH = YES;
				SDKROOT = iphoneos;
				SWIFT_ACTIVE_COMPILATION_CONDITIONS = DEBUG;
				SWIFT_OPTIMIZATION_LEVEL = "-Onone";
			};
			name = Debug;
		};
		7BAA544620885017005DDEC0 /* Release */ = {
			isa = XCBuildConfiguration;
			buildSettings = {
				ALWAYS_SEARCH_USER_PATHS = NO;
				CLANG_ANALYZER_NONNULL = YES;
				CLANG_ANALYZER_NUMBER_OBJECT_CONVERSION = YES_AGGRESSIVE;
				CLANG_CXX_LANGUAGE_STANDARD = "gnu++14";
				CLANG_CXX_LIBRARY = "libc++";
				CLANG_ENABLE_MODULES = YES;
				CLANG_ENABLE_OBJC_ARC = YES;
				CLANG_ENABLE_OBJC_WEAK = YES;
				CLANG_WARN_BLOCK_CAPTURE_AUTORELEASING = YES;
				CLANG_WARN_BOOL_CONVERSION = YES;
				CLANG_WARN_COMMA = YES;
				CLANG_WARN_CONSTANT_CONVERSION = YES;
				CLANG_WARN_DEPRECATED_OBJC_IMPLEMENTATIONS = YES;
				CLANG_WARN_DIRECT_OBJC_ISA_USAGE = YES_ERROR;
				CLANG_WARN_DOCUMENTATION_COMMENTS = YES;
				CLANG_WARN_EMPTY_BODY = YES;
				CLANG_WARN_ENUM_CONVERSION = YES;
				CLANG_WARN_INFINITE_RECURSION = YES;
				CLANG_WARN_INT_CONVERSION = YES;
				CLANG_WARN_NON_LITERAL_NULL_CONVERSION = YES;
				CLANG_WARN_OBJC_IMPLICIT_RETAIN_SELF = YES;
				CLANG_WARN_OBJC_LITERAL_CONVERSION = YES;
				CLANG_WARN_OBJC_ROOT_CLASS = YES_ERROR;
				CLANG_WARN_RANGE_LOOP_ANALYSIS = YES;
				CLANG_WARN_STRICT_PROTOTYPES = YES;
				CLANG_WARN_SUSPICIOUS_MOVE = YES;
				CLANG_WARN_UNGUARDED_AVAILABILITY = YES_AGGRESSIVE;
				CLANG_WARN_UNREACHABLE_CODE = YES;
				CLANG_WARN__DUPLICATE_METHOD_MATCH = YES;
				CODE_SIGN_IDENTITY = "iPhone Developer";
				COPY_PHASE_STRIP = NO;
				DEBUG_INFORMATION_FORMAT = "dwarf-with-dsym";
				ENABLE_NS_ASSERTIONS = NO;
				ENABLE_STRICT_OBJC_MSGSEND = YES;
				GCC_C_LANGUAGE_STANDARD = gnu11;
				GCC_NO_COMMON_BLOCKS = YES;
				GCC_WARN_64_TO_32_BIT_CONVERSION = YES;
				GCC_WARN_ABOUT_RETURN_TYPE = YES_ERROR;
				GCC_WARN_UNDECLARED_SELECTOR = YES;
				GCC_WARN_UNINITIALIZED_AUTOS = YES_AGGRESSIVE;
				GCC_WARN_UNUSED_FUNCTION = YES;
				GCC_WARN_UNUSED_VARIABLE = YES;
				IPHONEOS_DEPLOYMENT_TARGET = 11.3;
				MTL_ENABLE_DEBUG_INFO = NO;
				SDKROOT = iphoneos;
				SWIFT_COMPILATION_MODE = wholemodule;
				SWIFT_OPTIMIZATION_LEVEL = "-O";
				VALIDATE_PRODUCT = YES;
			};
			name = Release;
		};
		7BAA544820885017005DDEC0 /* Debug */ = {
			isa = XCBuildConfiguration;
			buildSettings = {
				ASSETCATALOG_COMPILER_APPICON_NAME = AppIcon;
				ASSETCATALOG_COMPILER_LAUNCHIMAGE_NAME = LaunchImage;
				CODE_SIGN_STYLE = Automatic;
				DEVELOPMENT_TEAM = 24SM6522LU;
				INFOPLIST_FILE = Freedom/Info.plist;
				LD_RUNPATH_SEARCH_PATHS = (
					"$(inherited)",
					"@executable_path/Frameworks",
				);
				PRODUCT_BUNDLE_IDENTIFIER = Cameron.Freedom;
				PRODUCT_NAME = "$(TARGET_NAME)";
				SWIFT_VERSION = 4.0;
				TARGETED_DEVICE_FAMILY = "1,2";
			};
			name = Debug;
		};
		7BAA544920885017005DDEC0 /* Release */ = {
			isa = XCBuildConfiguration;
			buildSettings = {
				ASSETCATALOG_COMPILER_APPICON_NAME = AppIcon;
				ASSETCATALOG_COMPILER_LAUNCHIMAGE_NAME = LaunchImage;
				CODE_SIGN_STYLE = Automatic;
				DEVELOPMENT_TEAM = 24SM6522LU;
				INFOPLIST_FILE = Freedom/Info.plist;
				LD_RUNPATH_SEARCH_PATHS = (
					"$(inherited)",
					"@executable_path/Frameworks",
				);
				PRODUCT_BUNDLE_IDENTIFIER = Cameron.Freedom;
				PRODUCT_NAME = "$(TARGET_NAME)";
				SWIFT_VERSION = 4.0;
				TARGETED_DEVICE_FAMILY = "1,2";
			};
			name = Release;
		};
		7BAA544B20885017005DDEC0 /* Debug */ = {
			isa = XCBuildConfiguration;
			buildSettings = {
				ALWAYS_EMBED_SWIFT_STANDARD_LIBRARIES = YES;
				BUNDLE_LOADER = "$(TEST_HOST)";
				CODE_SIGN_STYLE = Automatic;
				DEVELOPMENT_TEAM = 24SM6522LU;
				INFOPLIST_FILE = FreedomTests/Info.plist;
				LD_RUNPATH_SEARCH_PATHS = (
					"$(inherited)",
					"@executable_path/Frameworks",
					"@loader_path/Frameworks",
				);
				PRODUCT_BUNDLE_IDENTIFIER = Cameron.FreedomTests;
				PRODUCT_NAME = "$(TARGET_NAME)";
				SWIFT_VERSION = 4.0;
				TARGETED_DEVICE_FAMILY = "1,2";
				TEST_HOST = "$(BUILT_PRODUCTS_DIR)/Freedom.app/Freedom";
			};
			name = Debug;
		};
		7BAA544C20885017005DDEC0 /* Release */ = {
			isa = XCBuildConfiguration;
			buildSettings = {
				ALWAYS_EMBED_SWIFT_STANDARD_LIBRARIES = YES;
				BUNDLE_LOADER = "$(TEST_HOST)";
				CODE_SIGN_STYLE = Automatic;
				DEVELOPMENT_TEAM = 24SM6522LU;
				INFOPLIST_FILE = FreedomTests/Info.plist;
				LD_RUNPATH_SEARCH_PATHS = (
					"$(inherited)",
					"@executable_path/Frameworks",
					"@loader_path/Frameworks",
				);
				PRODUCT_BUNDLE_IDENTIFIER = Cameron.FreedomTests;
				PRODUCT_NAME = "$(TARGET_NAME)";
				SWIFT_VERSION = 4.0;
				TARGETED_DEVICE_FAMILY = "1,2";
				TEST_HOST = "$(BUILT_PRODUCTS_DIR)/Freedom.app/Freedom";
			};
			name = Release;
		};
		7BAA544E20885017005DDEC0 /* Debug */ = {
			isa = XCBuildConfiguration;
			buildSettings = {
				ALWAYS_EMBED_SWIFT_STANDARD_LIBRARIES = YES;
				CODE_SIGN_STYLE = Automatic;
				DEVELOPMENT_TEAM = 24SM6522LU;
				INFOPLIST_FILE = FreedomUITests/Info.plist;
				LD_RUNPATH_SEARCH_PATHS = (
					"$(inherited)",
					"@executable_path/Frameworks",
					"@loader_path/Frameworks",
				);
				PRODUCT_BUNDLE_IDENTIFIER = Cameron.FreedomUITests;
				PRODUCT_NAME = "$(TARGET_NAME)";
				SWIFT_VERSION = 4.0;
				TARGETED_DEVICE_FAMILY = "1,2";
				TEST_TARGET_NAME = Freedom;
			};
			name = Debug;
		};
		7BAA544F20885017005DDEC0 /* Release */ = {
			isa = XCBuildConfiguration;
			buildSettings = {
				ALWAYS_EMBED_SWIFT_STANDARD_LIBRARIES = YES;
				CODE_SIGN_STYLE = Automatic;
				DEVELOPMENT_TEAM = 24SM6522LU;
				INFOPLIST_FILE = FreedomUITests/Info.plist;
				LD_RUNPATH_SEARCH_PATHS = (
					"$(inherited)",
					"@executable_path/Frameworks",
					"@loader_path/Frameworks",
				);
				PRODUCT_BUNDLE_IDENTIFIER = Cameron.FreedomUITests;
				PRODUCT_NAME = "$(TARGET_NAME)";
				SWIFT_VERSION = 4.0;
				TARGETED_DEVICE_FAMILY = "1,2";
				TEST_TARGET_NAME = Freedom;
			};
			name = Release;
		};
/* End XCBuildConfiguration section */

/* Begin XCConfigurationList section */
		7BAA541A20885016005DDEC0 /* Build configuration list for PBXProject "Freedom" */ = {
			isa = XCConfigurationList;
			buildConfigurations = (
				7BAA544520885017005DDEC0 /* Debug */,
				7BAA544620885017005DDEC0 /* Release */,
			);
			defaultConfigurationIsVisible = 0;
			defaultConfigurationName = Release;
		};
		7BAA544720885017005DDEC0 /* Build configuration list for PBXNativeTarget "Freedom" */ = {
			isa = XCConfigurationList;
			buildConfigurations = (
				7BAA544820885017005DDEC0 /* Debug */,
				7BAA544920885017005DDEC0 /* Release */,
			);
			defaultConfigurationIsVisible = 0;
			defaultConfigurationName = Release;
		};
		7BAA544A20885017005DDEC0 /* Build configuration list for PBXNativeTarget "FreedomTests" */ = {
			isa = XCConfigurationList;
			buildConfigurations = (
				7BAA544B20885017005DDEC0 /* Debug */,
				7BAA544C20885017005DDEC0 /* Release */,
			);
			defaultConfigurationIsVisible = 0;
			defaultConfigurationName = Release;
		};
		7BAA544D20885017005DDEC0 /* Build configuration list for PBXNativeTarget "FreedomUITests" */ = {
			isa = XCConfigurationList;
			buildConfigurations = (
				7BAA544E20885017005DDEC0 /* Debug */,
				7BAA544F20885017005DDEC0 /* Release */,
			);
			defaultConfigurationIsVisible = 0;
			defaultConfigurationName = Release;
		};
/* End XCConfigurationList section */
	};
	rootObject = 7BAA541720885016005DDEC0 /* Project object */;
}
